
Microsoft Visual Studio Solution File, Format Version 12.00
# Visual Studio 15
VisualStudioVersion = 15.0.28307.852
MinimumVisualStudioVersion = 10.0.40219.1
Project("{FAE04EC0-301F-11D3-BF4B-00C04F79EFBC}") = "test_mod_event_socket", "test_mod_event_socket\test_mod_event_socket.csproj", "{21CEBB9A-4F1D-4EF6-828D-D8AD9038998A}"
EndProject
Global
	GlobalSection(SolutionConfigurationPlatforms) = preSolution
		Debug|Any CPU = Debug|Any CPU
		Release|Any CPU = Release|Any CPU
	EndGlobalSection
	GlobalSection(ProjectConfigurationPlatforms) = postSolution
		{21CEBB9A-4F1D-4EF6-828D-D8AD9038998A}.Debug|Any CPU.ActiveCfg = Debug|Any CPU
		{21CEBB9A-4F1D-4EF6-828D-D8AD9038998A}.Debug|Any CPU.Build.0 = Debug|Any CPU
		{21CEBB9A-4F1D-4EF6-828D-D8AD9038998A}.Release|Any CPU.ActiveCfg = Release|Any CPU
		{21CEBB9A-4F1D-4EF6-828D-D8AD9038998A}.Release|Any CPU.Build.0 = Release|Any CPU
	EndGlobalSection
	GlobalSection(SolutionProperties) = preSolution
		HideSolutionNode = FALSE
	EndGlobalSection
	GlobalSection(ExtensibilityGlobals) = postSolution
		SolutionGuid = {0458852F-E64B-4B8E-97AF-B7AB7D7C4642}
	EndGlobalSection
EndGlobal
